
Microsoft Visual Studio Solution File, Format Version 12.00
# Visual Studio Version 17
VisualStudioVersion = 17.14.36414.22
MinimumVisualStudioVersion = 10.0.40219.1
Project("{FAE04EC0-301F-11D3-BF4B-00C04F79EFBC}") = "Matrix", "Matrix\Matrix.csproj", "{C035A578-442A-4F53-B809-F4316FAE6FD9}"
EndProject
Project("{FAE04EC0-301F-11D3-BF4B-00C04F79EFBC}") = "Test", "Test\Test.csproj", "{FEAE71AB-654B-42FF-BDAE-DBD15D2D7EA7}"
EndProject
Project("{FAE04EC0-301F-11D3-BF4B-00C04F79EFBC}") = "Test_", "Test_\Test_.csproj", "{C1841A1A-34A4-4B41-885B-13EEFB1F43AA}"
EndProject
Global
	GlobalSection(SolutionConfigurationPlatforms) = preSolution
		Debug|Any CPU = Debug|Any CPU
		Release|Any CPU = Release|Any CPU
	EndGlobalSection
	GlobalSection(ProjectConfigurationPlatforms) = postSolution
		{C035A578-442A-4F53-B809-F4316FAE6FD9}.Debug|Any CPU.ActiveCfg = Debug|Any CPU
		{C035A578-442A-4F53-B809-F4316FAE6FD9}.Debug|Any CPU.Build.0 = Debug|Any CPU
		{C035A578-442A-4F53-B809-F4316FAE6FD9}.Release|Any CPU.ActiveCfg = Release|Any CPU
		{C035A578-442A-4F53-B809-F4316FAE6FD9}.Release|Any CPU.Build.0 = Release|Any CPU
		{FEAE71AB-654B-42FF-BDAE-DBD15D2D7EA7}.Debug|Any CPU.ActiveCfg = Debug|Any CPU
		{FEAE71AB-654B-42FF-BDAE-DBD15D2D7EA7}.Debug|Any CPU.Build.0 = Debug|Any CPU
		{FEAE71AB-654B-42FF-BDAE-DBD15D2D7EA7}.Release|Any CPU.ActiveCfg = Release|Any CPU
		{FEAE71AB-654B-42FF-BDAE-DBD15D2D7EA7}.Release|Any CPU.Build.0 = Release|Any CPU
		{C1841A1A-34A4-4B41-885B-13EEFB1F43AA}.Debug|Any CPU.ActiveCfg = Debug|Any CPU
		{C1841A1A-34A4-4B41-885B-13EEFB1F43AA}.Debug|Any CPU.Build.0 = Debug|Any CPU
		{C1841A1A-34A4-4B41-885B-13EEFB1F43AA}.Release|Any CPU.ActiveCfg = Release|Any CPU
		{C1841A1A-34A4-4B41-885B-13EEFB1F43AA}.Release|Any CPU.Build.0 = Release|Any CPU
	EndGlobalSection
	GlobalSection(SolutionProperties) = preSolution
		HideSolutionNode = FALSE
	EndGlobalSection
	GlobalSection(ExtensibilityGlobals) = postSolution
		SolutionGuid = {45071681-F15D-4398-8B30-983F294177BA}
	EndGlobalSection
EndGlobal
