
Microsoft Visual Studio Solution File, Format Version 12.00
# Visual Studio Version 17
VisualStudioVersion = 17.14.36414.22
MinimumVisualStudioVersion = 10.0.40219.1
Project("{2150E333-8FDC-42A3-9474-1A3956D46DE8}") = "Lab_5", "Lab_5", "{36D591C7-65C7-A0D1-1CBC-10CDE441BDC8}"
EndProject
Project("{FAE04EC0-301F-11D3-BF4B-00C04F79EFBC}") = "TicketGenerator", "TicketGenerator\TicketGenerator.csproj", "{A3149AD3-E9E7-4C2E-ACA1-D4248358E6AE}"
EndProject
Project("{FAE04EC0-301F-11D3-BF4B-00C04F79EFBC}") = "TicketUI", "TicketUI\TicketUI.csproj", "{4BFBCA5A-441E-45BD-9A0D-5895C5D82BB6}"
EndProject
Project("{2150E333-8FDC-42A3-9474-1A3956D46DE8}") = "Lab_6", "Lab_6", "{467899C8-01E1-470D-A826-C3E80F926727}"
EndProject
Project("{FAE04EC0-301F-11D3-BF4B-00C04F79EFBC}") = "QueueLearning", "QueueLearning\QueueLearning.csproj", "{39B53386-8D57-4F20-B218-CD142EEBA5AB}"
EndProject
Project("{FAE04EC0-301F-11D3-BF4B-00C04F79EFBC}") = "Test_Lab_6", "TestQueue\Test_Lab_6.csproj", "{25B2D4E2-547D-40F5-AF6D-578249E12815}"
EndProject
Project("{2150E333-8FDC-42A3-9474-1A3956D46DE8}") = "Lab_2", "Lab_2", "{29918DD6-716B-41EA-82A4-DF3921A67F25}"
EndProject
Project("{2150E333-8FDC-42A3-9474-1A3956D46DE8}") = "Lab_1", "Lab_1", "{8919F4B5-7F5C-4A46-AAC1-2875F792B4C6}"
EndProject
Project("{2150E333-8FDC-42A3-9474-1A3956D46DE8}") = "Lab_3", "Lab_3", "{9D273811-B3A4-4F3D-BF54-5AF21B366B5B}"
EndProject
Project("{2150E333-8FDC-42A3-9474-1A3956D46DE8}") = "Lab_4", "Lab_4", "{739DAB04-99B6-4D57-9DA4-E092140F0313}"
EndProject
Project("{FAE04EC0-301F-11D3-BF4B-00C04F79EFBC}") = "MatrixConverter", "MatrixConverter\MatrixConverter.csproj", "{9F1A3670-A8EC-4217-AE77-D57120011980}"
EndProject
Project("{FAE04EC0-301F-11D3-BF4B-00C04F79EFBC}") = "Test_Lab_1", "MatrixConverterTest\Test_Lab_1.csproj", "{60643A53-A876-4B3C-B1F2-5613201AD3A2}"
EndProject
Project("{FAE04EC0-301F-11D3-BF4B-00C04F79EFBC}") = "MatrixLibrary", "MatrixLibrary\MatrixLibrary.csproj", "{FD0C2E7E-C41D-4149-AB09-FDD14C083200}"
EndProject
Project("{FAE04EC0-301F-11D3-BF4B-00C04F79EFBC}") = "Test_Lab_2", "MatrixTest\Test_Lab_2.csproj", "{7B4932DB-4217-4D9A-99A5-603C2EA5FAF4}"
EndProject
Project("{FAE04EC0-301F-11D3-BF4B-00C04F79EFBC}") = "Tasks", "Tasks\Tasks.csproj", "{93F259C1-428D-44F3-B1F7-88CFD4BC7596}"
EndProject
Project("{FAE04EC0-301F-11D3-BF4B-00C04F79EFBC}") = "Test_Lab_3", "Test_Lab_3\Test_Lab_3.csproj", "{86D1B87F-FF49-4FEA-B957-E631A65619CD}"
EndProject
Project("{FAE04EC0-301F-11D3-BF4B-00C04F79EFBC}") = "StackRealisation", "StackRealisation\StackRealisation.csproj", "{78F50D90-FEFD-4411-A044-C74AC5DAF3D2}"
EndProject
Project("{FAE04EC0-301F-11D3-BF4B-00C04F79EFBC}") = "Test_Lab_4", "Test_Lab_4\Test_Lab_4.csproj", "{1905FFDA-BC43-4CF4-B0B1-6FC4173FAD2F}"
EndProject
Global
	GlobalSection(SolutionConfigurationPlatforms) = preSolution
		Debug|Any CPU = Debug|Any CPU
		Release|Any CPU = Release|Any CPU
	EndGlobalSection
	GlobalSection(ProjectConfigurationPlatforms) = postSolution
		{A3149AD3-E9E7-4C2E-ACA1-D4248358E6AE}.Debug|Any CPU.ActiveCfg = Debug|Any CPU
		{A3149AD3-E9E7-4C2E-ACA1-D4248358E6AE}.Debug|Any CPU.Build.0 = Debug|Any CPU
		{A3149AD3-E9E7-4C2E-ACA1-D4248358E6AE}.Release|Any CPU.ActiveCfg = Release|Any CPU
		{A3149AD3-E9E7-4C2E-ACA1-D4248358E6AE}.Release|Any CPU.Build.0 = Release|Any CPU
		{4BFBCA5A-441E-45BD-9A0D-5895C5D82BB6}.Debug|Any CPU.ActiveCfg = Debug|Any CPU
		{4BFBCA5A-441E-45BD-9A0D-5895C5D82BB6}.Debug|Any CPU.Build.0 = Debug|Any CPU
		{4BFBCA5A-441E-45BD-9A0D-5895C5D82BB6}.Release|Any CPU.ActiveCfg = Release|Any CPU
		{4BFBCA5A-441E-45BD-9A0D-5895C5D82BB6}.Release|Any CPU.Build.0 = Release|Any CPU
		{39B53386-8D57-4F20-B218-CD142EEBA5AB}.Debug|Any CPU.ActiveCfg = Debug|Any CPU
		{39B53386-8D57-4F20-B218-CD142EEBA5AB}.Debug|Any CPU.Build.0 = Debug|Any CPU
		{39B53386-8D57-4F20-B218-CD142EEBA5AB}.Release|Any CPU.ActiveCfg = Release|Any CPU
		{39B53386-8D57-4F20-B218-CD142EEBA5AB}.Release|Any CPU.Build.0 = Release|Any CPU
		{25B2D4E2-547D-40F5-AF6D-578249E12815}.Debug|Any CPU.ActiveCfg = Debug|Any CPU
		{25B2D4E2-547D-40F5-AF6D-578249E12815}.Debug|Any CPU.Build.0 = Debug|Any CPU
		{25B2D4E2-547D-40F5-AF6D-578249E12815}.Release|Any CPU.ActiveCfg = Release|Any CPU
		{25B2D4E2-547D-40F5-AF6D-578249E12815}.Release|Any CPU.Build.0 = Release|Any CPU
		{9F1A3670-A8EC-4217-AE77-D57120011980}.Debug|Any CPU.ActiveCfg = Debug|Any CPU
		{9F1A3670-A8EC-4217-AE77-D57120011980}.Debug|Any CPU.Build.0 = Debug|Any CPU
		{9F1A3670-A8EC-4217-AE77-D57120011980}.Release|Any CPU.ActiveCfg = Release|Any CPU
		{9F1A3670-A8EC-4217-AE77-D57120011980}.Release|Any CPU.Build.0 = Release|Any CPU
		{60643A53-A876-4B3C-B1F2-5613201AD3A2}.Debug|Any CPU.ActiveCfg = Debug|Any CPU
		{60643A53-A876-4B3C-B1F2-5613201AD3A2}.Debug|Any CPU.Build.0 = Debug|Any CPU
		{60643A53-A876-4B3C-B1F2-5613201AD3A2}.Release|Any CPU.ActiveCfg = Release|Any CPU
		{60643A53-A876-4B3C-B1F2-5613201AD3A2}.Release|Any CPU.Build.0 = Release|Any CPU
		{FD0C2E7E-C41D-4149-AB09-FDD14C083200}.Debug|Any CPU.ActiveCfg = Debug|Any CPU
		{FD0C2E7E-C41D-4149-AB09-FDD14C083200}.Debug|Any CPU.Build.0 = Debug|Any CPU
		{FD0C2E7E-C41D-4149-AB09-FDD14C083200}.Release|Any CPU.ActiveCfg = Release|Any CPU
		{FD0C2E7E-C41D-4149-AB09-FDD14C083200}.Release|Any CPU.Build.0 = Release|Any CPU
		{7B4932DB-4217-4D9A-99A5-603C2EA5FAF4}.Debug|Any CPU.ActiveCfg = Debug|Any CPU
		{7B4932DB-4217-4D9A-99A5-603C2EA5FAF4}.Debug|Any CPU.Build.0 = Debug|Any CPU
		{7B4932DB-4217-4D9A-99A5-603C2EA5FAF4}.Release|Any CPU.ActiveCfg = Release|Any CPU
		{7B4932DB-4217-4D9A-99A5-603C2EA5FAF4}.Release|Any CPU.Build.0 = Release|Any CPU
		{93F259C1-428D-44F3-B1F7-88CFD4BC7596}.Debug|Any CPU.ActiveCfg = Debug|Any CPU
		{93F259C1-428D-44F3-B1F7-88CFD4BC7596}.Debug|Any CPU.Build.0 = Debug|Any CPU
		{93F259C1-428D-44F3-B1F7-88CFD4BC7596}.Release|Any CPU.ActiveCfg = Release|Any CPU
		{93F259C1-428D-44F3-B1F7-88CFD4BC7596}.Release|Any CPU.Build.0 = Release|Any CPU
		{86D1B87F-FF49-4FEA-B957-E631A65619CD}.Debug|Any CPU.ActiveCfg = Debug|Any CPU
		{86D1B87F-FF49-4FEA-B957-E631A65619CD}.Debug|Any CPU.Build.0 = Debug|Any CPU
		{86D1B87F-FF49-4FEA-B957-E631A65619CD}.Release|Any CPU.ActiveCfg = Release|Any CPU
		{86D1B87F-FF49-4FEA-B957-E631A65619CD}.Release|Any CPU.Build.0 = Release|Any CPU
		{78F50D90-FEFD-4411-A044-C74AC5DAF3D2}.Debug|Any CPU.ActiveCfg = Debug|Any CPU
		{78F50D90-FEFD-4411-A044-C74AC5DAF3D2}.Debug|Any CPU.Build.0 = Debug|Any CPU
		{78F50D90-FEFD-4411-A044-C74AC5DAF3D2}.Release|Any CPU.ActiveCfg = Release|Any CPU
		{78F50D90-FEFD-4411-A044-C74AC5DAF3D2}.Release|Any CPU.Build.0 = Release|Any CPU
		{1905FFDA-BC43-4CF4-B0B1-6FC4173FAD2F}.Debug|Any CPU.ActiveCfg = Debug|Any CPU
		{1905FFDA-BC43-4CF4-B0B1-6FC4173FAD2F}.Debug|Any CPU.Build.0 = Debug|Any CPU
		{1905FFDA-BC43-4CF4-B0B1-6FC4173FAD2F}.Release|Any CPU.ActiveCfg = Release|Any CPU
		{1905FFDA-BC43-4CF4-B0B1-6FC4173FAD2F}.Release|Any CPU.Build.0 = Release|Any CPU
	EndGlobalSection
	GlobalSection(SolutionProperties) = preSolution
		HideSolutionNode = FALSE
	EndGlobalSection
	GlobalSection(NestedProjects) = preSolution
		{A3149AD3-E9E7-4C2E-ACA1-D4248358E6AE} = {36D591C7-65C7-A0D1-1CBC-10CDE441BDC8}
		{4BFBCA5A-441E-45BD-9A0D-5895C5D82BB6} = {36D591C7-65C7-A0D1-1CBC-10CDE441BDC8}
		{39B53386-8D57-4F20-B218-CD142EEBA5AB} = {467899C8-01E1-470D-A826-C3E80F926727}
		{25B2D4E2-547D-40F5-AF6D-578249E12815} = {467899C8-01E1-470D-A826-C3E80F926727}
		{9F1A3670-A8EC-4217-AE77-D57120011980} = {8919F4B5-7F5C-4A46-AAC1-2875F792B4C6}
		{60643A53-A876-4B3C-B1F2-5613201AD3A2} = {8919F4B5-7F5C-4A46-AAC1-2875F792B4C6}
		{FD0C2E7E-C41D-4149-AB09-FDD14C083200} = {29918DD6-716B-41EA-82A4-DF3921A67F25}
		{7B4932DB-4217-4D9A-99A5-603C2EA5FAF4} = {29918DD6-716B-41EA-82A4-DF3921A67F25}
		{93F259C1-428D-44F3-B1F7-88CFD4BC7596} = {9D273811-B3A4-4F3D-BF54-5AF21B366B5B}
		{86D1B87F-FF49-4FEA-B957-E631A65619CD} = {9D273811-B3A4-4F3D-BF54-5AF21B366B5B}
		{78F50D90-FEFD-4411-A044-C74AC5DAF3D2} = {739DAB04-99B6-4D57-9DA4-E092140F0313}
		{1905FFDA-BC43-4CF4-B0B1-6FC4173FAD2F} = {739DAB04-99B6-4D57-9DA4-E092140F0313}
	EndGlobalSection
	GlobalSection(ExtensibilityGlobals) = postSolution
		SolutionGuid = {45071681-F15D-4398-8B30-983F294177BA}
	EndGlobalSection
EndGlobal
